
Microsoft Visual Studio Solution File, Format Version 12.00
# Visual Studio Version 16
VisualStudioVersion = 16.0.31515.178
MinimumVisualStudioVersion = 10.0.40219.1
Project("{9A19103F-16F7-4668-BE54-9A1E7A4F7556}") = "HotVago", "HotVago\HotVago.csproj", "{EE1FE152-DFF7-4820-9F9B-DC28C634200E}"
EndProject
Project("{9A19103F-16F7-4668-BE54-9A1E7A4F7556}") = "HotVagoDAL", "HotVagoDAL\HotVagoDAL.csproj", "{E1565BA6-67D3-4DB8-BE64-8D5C4960BCD8}"
EndProject
Project("{9A19103F-16F7-4668-BE54-9A1E7A4F7556}") = "HotVagoBLL", "HotVagoBLL\HotVagoBLL.csproj", "{294558BD-713B-4F64-97E0-0B761247F985}"
EndProject
Global
	GlobalSection(SolutionConfigurationPlatforms) = preSolution
		Debug|Any CPU = Debug|Any CPU
		Release|Any CPU = Release|Any CPU
	EndGlobalSection
	GlobalSection(ProjectConfigurationPlatforms) = postSolution
		{EE1FE152-DFF7-4820-9F9B-DC28C634200E}.Debug|Any CPU.ActiveCfg = Debug|Any CPU
		{EE1FE152-DFF7-4820-9F9B-DC28C634200E}.Debug|Any CPU.Build.0 = Debug|Any CPU
		{EE1FE152-DFF7-4820-9F9B-DC28C634200E}.Release|Any CPU.ActiveCfg = Release|Any CPU
		{EE1FE152-DFF7-4820-9F9B-DC28C634200E}.Release|Any CPU.Build.0 = Release|Any CPU
		{E1565BA6-67D3-4DB8-BE64-8D5C4960BCD8}.Debug|Any CPU.ActiveCfg = Debug|Any CPU
		{E1565BA6-67D3-4DB8-BE64-8D5C4960BCD8}.Debug|Any CPU.Build.0 = Debug|Any CPU
		{E1565BA6-67D3-4DB8-BE64-8D5C4960BCD8}.Release|Any CPU.ActiveCfg = Release|Any CPU
		{E1565BA6-67D3-4DB8-BE64-8D5C4960BCD8}.Release|Any CPU.Build.0 = Release|Any CPU
		{294558BD-713B-4F64-97E0-0B761247F985}.Debug|Any CPU.ActiveCfg = Debug|Any CPU
		{294558BD-713B-4F64-97E0-0B761247F985}.Debug|Any CPU.Build.0 = Debug|Any CPU
		{294558BD-713B-4F64-97E0-0B761247F985}.Release|Any CPU.ActiveCfg = Release|Any CPU
		{294558BD-713B-4F64-97E0-0B761247F985}.Release|Any CPU.Build.0 = Release|Any CPU
	EndGlobalSection
	GlobalSection(SolutionProperties) = preSolution
		HideSolutionNode = FALSE
	EndGlobalSection
	GlobalSection(ExtensibilityGlobals) = postSolution
		SolutionGuid = {E555B7C6-66C4-499B-8715-8635FE823282}
	EndGlobalSection
EndGlobal
